
Microsoft Visual Studio Solution File, Format Version 12.00
# Visual Studio Version 17
VisualStudioVersion = 17.1.32319.34
MinimumVisualStudioVersion = 10.0.40219.1
Project("{9A19103F-16F7-4668-BE54-9A1E7A4F7556}") = "IDP.Service", "IDP.Service\IDP.Service.csproj", "{78602946-CCB0-4CCF-8FC1-FD6F13646DBC}"
EndProject
Project("{FAE04EC0-301F-11D3-BF4B-00C04F79EFBC}") = "ClientWebApp", "ClientWebApp\ClientWebApp.csproj", "{4CAF168F-6E97-4D7A-83AF-B46FA3F7AA3F}"
EndProject
Project("{FAE04EC0-301F-11D3-BF4B-00C04F79EFBC}") = "IDP.Tests", "IDP.Tests\IDP.Tests.csproj", "{DF55AAC9-C395-4E6B-A352-149AD286F620}"
EndProject
Project("{2150E333-8FDC-42A3-9474-1A3956D46DE8}") = "test", "test", "{1BA87E80-3012-487E-A65D-D8D52F6CCEA3}"
EndProject
Project("{FAE04EC0-301F-11D3-BF4B-00C04F79EFBC}") = "IDP.Core", "IDP.Core\IDP.Core.csproj", "{739AC3B4-B234-46FD-AD39-5E5B9AE3D6C8}"
EndProject
Project("{2150E333-8FDC-42A3-9474-1A3956D46DE8}") = "Web", "Web", "{02EA681E-C7D8-13C7-8484-4AC65E1B71E8}"
EndProject
Project("{FAE04EC0-301F-11D3-BF4B-00C04F79EFBC}") = "IDP.Server", "IDP.Server\IDP.Server.csproj", "{8296170A-9890-4A5E-BE13-BC71152E8CCA}"
EndProject
Project("{FAE04EC0-301F-11D3-BF4B-00C04F79EFBC}") = "IDP.Domain", "IDP.Domain\IDP.Domain.csproj", "{C979E135-DCD2-414E-A5A5-D8BF33AE2C52}"
EndProject
Project("{FAE04EC0-301F-11D3-BF4B-00C04F79EFBC}") = "Admin.Core", "Admin.Core\Admin.Core.csproj", "{BA0FD2A4-AF3D-483F-BF89-52027037AFE0}"
EndProject
Project("{FAE04EC0-301F-11D3-BF4B-00C04F79EFBC}") = "IDP.Foundation", "IDP.Foundation\IDP.Foundation.csproj", "{3F7EBAD5-12CB-4DAA-9D95-876790EE5CFA}"
EndProject
Project("{FAE04EC0-301F-11D3-BF4B-00C04F79EFBC}") = "IDP.Infrastructure", "IDP.Infrastructure\IDP.Infrastructure.csproj", "{43F65F56-BDD2-4281-BD2B-54149418C546}"
EndProject
Global
	GlobalSection(SolutionConfigurationPlatforms) = preSolution
		Debug|Any CPU = Debug|Any CPU
		Release|Any CPU = Release|Any CPU
	EndGlobalSection
	GlobalSection(ProjectConfigurationPlatforms) = postSolution
		{78602946-CCB0-4CCF-8FC1-FD6F13646DBC}.Debug|Any CPU.ActiveCfg = Debug|Any CPU
		{78602946-CCB0-4CCF-8FC1-FD6F13646DBC}.Debug|Any CPU.Build.0 = Debug|Any CPU
		{78602946-CCB0-4CCF-8FC1-FD6F13646DBC}.Release|Any CPU.ActiveCfg = Release|Any CPU
		{78602946-CCB0-4CCF-8FC1-FD6F13646DBC}.Release|Any CPU.Build.0 = Release|Any CPU
		{4CAF168F-6E97-4D7A-83AF-B46FA3F7AA3F}.Debug|Any CPU.ActiveCfg = Debug|Any CPU
		{4CAF168F-6E97-4D7A-83AF-B46FA3F7AA3F}.Debug|Any CPU.Build.0 = Debug|Any CPU
		{4CAF168F-6E97-4D7A-83AF-B46FA3F7AA3F}.Release|Any CPU.ActiveCfg = Release|Any CPU
		{4CAF168F-6E97-4D7A-83AF-B46FA3F7AA3F}.Release|Any CPU.Build.0 = Release|Any CPU
		{DF55AAC9-C395-4E6B-A352-149AD286F620}.Debug|Any CPU.ActiveCfg = Debug|Any CPU
		{DF55AAC9-C395-4E6B-A352-149AD286F620}.Debug|Any CPU.Build.0 = Debug|Any CPU
		{DF55AAC9-C395-4E6B-A352-149AD286F620}.Release|Any CPU.ActiveCfg = Release|Any CPU
		{DF55AAC9-C395-4E6B-A352-149AD286F620}.Release|Any CPU.Build.0 = Release|Any CPU
		{739AC3B4-B234-46FD-AD39-5E5B9AE3D6C8}.Debug|Any CPU.ActiveCfg = Debug|Any CPU
		{739AC3B4-B234-46FD-AD39-5E5B9AE3D6C8}.Debug|Any CPU.Build.0 = Debug|Any CPU
		{739AC3B4-B234-46FD-AD39-5E5B9AE3D6C8}.Release|Any CPU.ActiveCfg = Release|Any CPU
		{739AC3B4-B234-46FD-AD39-5E5B9AE3D6C8}.Release|Any CPU.Build.0 = Release|Any CPU
		{8296170A-9890-4A5E-BE13-BC71152E8CCA}.Debug|Any CPU.ActiveCfg = Debug|Any CPU
		{8296170A-9890-4A5E-BE13-BC71152E8CCA}.Debug|Any CPU.Build.0 = Debug|Any CPU
		{8296170A-9890-4A5E-BE13-BC71152E8CCA}.Release|Any CPU.ActiveCfg = Release|Any CPU
		{8296170A-9890-4A5E-BE13-BC71152E8CCA}.Release|Any CPU.Build.0 = Release|Any CPU
		{C979E135-DCD2-414E-A5A5-D8BF33AE2C52}.Debug|Any CPU.ActiveCfg = Debug|Any CPU
		{C979E135-DCD2-414E-A5A5-D8BF33AE2C52}.Debug|Any CPU.Build.0 = Debug|Any CPU
		{C979E135-DCD2-414E-A5A5-D8BF33AE2C52}.Release|Any CPU.ActiveCfg = Release|Any CPU
		{C979E135-DCD2-414E-A5A5-D8BF33AE2C52}.Release|Any CPU.Build.0 = Release|Any CPU
		{BA0FD2A4-AF3D-483F-BF89-52027037AFE0}.Debug|Any CPU.ActiveCfg = Debug|Any CPU
		{BA0FD2A4-AF3D-483F-BF89-52027037AFE0}.Debug|Any CPU.Build.0 = Debug|Any CPU
		{BA0FD2A4-AF3D-483F-BF89-52027037AFE0}.Release|Any CPU.ActiveCfg = Release|Any CPU
		{BA0FD2A4-AF3D-483F-BF89-52027037AFE0}.Release|Any CPU.Build.0 = Release|Any CPU
		{3F7EBAD5-12CB-4DAA-9D95-876790EE5CFA}.Debug|Any CPU.ActiveCfg = Debug|Any CPU
		{3F7EBAD5-12CB-4DAA-9D95-876790EE5CFA}.Debug|Any CPU.Build.0 = Debug|Any CPU
		{3F7EBAD5-12CB-4DAA-9D95-876790EE5CFA}.Release|Any CPU.ActiveCfg = Release|Any CPU
		{3F7EBAD5-12CB-4DAA-9D95-876790EE5CFA}.Release|Any CPU.Build.0 = Release|Any CPU
		{43F65F56-BDD2-4281-BD2B-54149418C546}.Debug|Any CPU.ActiveCfg = Debug|Any CPU
		{43F65F56-BDD2-4281-BD2B-54149418C546}.Debug|Any CPU.Build.0 = Debug|Any CPU
		{43F65F56-BDD2-4281-BD2B-54149418C546}.Release|Any CPU.ActiveCfg = Release|Any CPU
		{43F65F56-BDD2-4281-BD2B-54149418C546}.Release|Any CPU.Build.0 = Release|Any CPU
	EndGlobalSection
	GlobalSection(SolutionProperties) = preSolution
		HideSolutionNode = FALSE
	EndGlobalSection
	GlobalSection(NestedProjects) = preSolution
		{78602946-CCB0-4CCF-8FC1-FD6F13646DBC} = {02EA681E-C7D8-13C7-8484-4AC65E1B71E8}
		{4CAF168F-6E97-4D7A-83AF-B46FA3F7AA3F} = {02EA681E-C7D8-13C7-8484-4AC65E1B71E8}
		{DF55AAC9-C395-4E6B-A352-149AD286F620} = {1BA87E80-3012-487E-A65D-D8D52F6CCEA3}
	EndGlobalSection
	GlobalSection(ExtensibilityGlobals) = postSolution
		SolutionGuid = {2B2B8016-C4C4-4741-842A-1E683C387264}
	EndGlobalSection
EndGlobal
